Microsoft Visual Studio Solution File, Format Version 12.00
# Visual Studio Version 17
VisualStudioVersion = 17.5.2.0
MinimumVisualStudioVersion = 10.0.40219.1
Project("{FAE04EC0-301F-11D3-BF4B-00C04F79EFBC}") = "TrackingBle", "TrackingBle\TrackingBle.csproj", "{4C75BB17-4FC2-E1C9-6C31-85DA0CF15C17}"
EndProject
Project("{2150E333-8FDC-42A3-9474-1A3956D46DE8}") = "TrackingBle (1)", "TrackingBle (1)", "{5AE19E45-A0D8-C922-418E-D2CD9FEC5687}"
EndProject
Project("{2150E333-8FDC-42A3-9474-1A3956D46DE8}") = "src", "src", "{00658987-539C-95C6-64F0-53BF0E7BEACC}"
EndProject
Project("{FAE04EC0-301F-11D3-BF4B-00C04F79EFBC}") = "2.AlarmRecordTracking", "TrackingBle\src\2.AlarmRecordTracking\2.AlarmRecordTracking.csproj", "{78E7B8CE-F6B2-25BC-08B7-8E2627E424B3}"
EndProject
Project("{FAE04EC0-301F-11D3-BF4B-00C04F79EFBC}") = "1.Auth", "TrackingBle\src\1.Auth\1.Auth.csproj", "{A97E2F09-1AC4-7AF2-9BA6-F130BE4F1336}"
EndProject
Global
	GlobalSection(SolutionConfigurationPlatforms) = preSolution
		Debug|Any CPU = Debug|Any CPU
		Release|Any CPU = Release|Any CPU
	EndGlobalSection
	GlobalSection(ProjectConfigurationPlatforms) = postSolution
		{4C75BB17-4FC2-E1C9-6C31-85DA0CF15C17}.Debug|Any CPU.ActiveCfg = Debug|Any CPU
		{4C75BB17-4FC2-E1C9-6C31-85DA0CF15C17}.Debug|Any CPU.Build.0 = Debug|Any CPU
		{4C75BB17-4FC2-E1C9-6C31-85DA0CF15C17}.Release|Any CPU.ActiveCfg = Release|Any CPU
		{4C75BB17-4FC2-E1C9-6C31-85DA0CF15C17}.Release|Any CPU.Build.0 = Release|Any CPU
		{78E7B8CE-F6B2-25BC-08B7-8E2627E424B3}.Debug|Any CPU.ActiveCfg = Debug|Any CPU
		{78E7B8CE-F6B2-25BC-08B7-8E2627E424B3}.Debug|Any CPU.Build.0 = Debug|Any CPU
		{78E7B8CE-F6B2-25BC-08B7-8E2627E424B3}.Release|Any CPU.ActiveCfg = Release|Any CPU
		{78E7B8CE-F6B2-25BC-08B7-8E2627E424B3}.Release|Any CPU.Build.0 = Release|Any CPU
		{A97E2F09-1AC4-7AF2-9BA6-F130BE4F1336}.Debug|Any CPU.ActiveCfg = Debug|Any CPU
		{A97E2F09-1AC4-7AF2-9BA6-F130BE4F1336}.Debug|Any CPU.Build.0 = Debug|Any CPU
		{A97E2F09-1AC4-7AF2-9BA6-F130BE4F1336}.Release|Any CPU.ActiveCfg = Release|Any CPU
		{A97E2F09-1AC4-7AF2-9BA6-F130BE4F1336}.Release|Any CPU.Build.0 = Release|Any CPU
	EndGlobalSection
	GlobalSection(SolutionProperties) = preSolution
		HideSolutionNode = FALSE
	EndGlobalSection
	GlobalSection(NestedProjects) = preSolution
		{00658987-539C-95C6-64F0-53BF0E7BEACC} = {5AE19E45-A0D8-C922-418E-D2CD9FEC5687}
		{78E7B8CE-F6B2-25BC-08B7-8E2627E424B3} = {00658987-539C-95C6-64F0-53BF0E7BEACC}
		{A97E2F09-1AC4-7AF2-9BA6-F130BE4F1336} = {00658987-539C-95C6-64F0-53BF0E7BEACC}
	EndGlobalSection
	GlobalSection(ExtensibilityGlobals) = postSolution
		SolutionGuid = {53E0A411-1708-46FE-8123-FCC974B67A9E}
	EndGlobalSection
EndGlobal
